
Microsoft Visual Studio Solution File, Format Version 12.00
# Visual Studio Version 17
VisualStudioVersion = 17.2.32519.379
MinimumVisualStudioVersion = 10.0.40219.1
Project("{FAE04EC0-301F-11D3-BF4B-00C04F79EFBC}") = "WebFoodie", "WebFoodie\WebFoodie.csproj", "{80EECA73-FF7A-4BB4-A7E6-90CE07D4F676}"
EndProject
Global
	GlobalSection(SolutionConfigurationPlatforms) = preSolution
		Debug|Any CPU = Debug|Any CPU
		Release|Any CPU = Release|Any CPU
	EndGlobalSection
	GlobalSection(ProjectConfigurationPlatforms) = postSolution
		{80EECA73-FF7A-4BB4-A7E6-90CE07D4F676}.Debug|Any CPU.ActiveCfg = Debug|Any CPU
		{80EECA73-FF7A-4BB4-A7E6-90CE07D4F676}.Debug|Any CPU.Build.0 = Debug|Any CPU
		{80EECA73-FF7A-4BB4-A7E6-90CE07D4F676}.Release|Any CPU.ActiveCfg = Release|Any CPU
		{80EECA73-FF7A-4BB4-A7E6-90CE07D4F676}.Release|Any CPU.Build.0 = Release|Any CPU
	EndGlobalSection
	GlobalSection(SolutionProperties) = preSolution
		HideSolutionNode = FALSE
	EndGlobalSection
	GlobalSection(ExtensibilityGlobals) = postSolution
		SolutionGuid = {D1CF72EA-F8A4-41F8-B862-779F495E0C3E}
	EndGlobalSection
EndGlobal
